
Microsoft Visual Studio Solution File, Format Version 12.00
# Visual Studio Version 17
VisualStudioVersion = 17.14.36301.6
MinimumVisualStudioVersion = 10.0.40219.1
Project("{9A19103F-16F7-4668-BE54-9A1E7A4F7556}") = "CarRentalManagementSystem", "CarRentalManagementSystem\CarRentalManagementSystem.csproj", "{BF357E14-65E2-462B-9A65-E48AB60E9D9D}"
EndProject
Global
	GlobalSection(SolutionConfigurationPlatforms) = preSolution
		Debug|Any CPU = Debug|Any CPU
		Release|Any CPU = Release|Any CPU
	EndGlobalSection
	GlobalSection(ProjectConfigurationPlatforms) = postSolution
		{BF357E14-65E2-462B-9A65-E48AB60E9D9D}.Debug|Any CPU.ActiveCfg = Debug|Any CPU
		{BF357E14-65E2-462B-9A65-E48AB60E9D9D}.Debug|Any CPU.Build.0 = Debug|Any CPU
		{BF357E14-65E2-462B-9A65-E48AB60E9D9D}.Release|Any CPU.ActiveCfg = Release|Any CPU
		{BF357E14-65E2-462B-9A65-E48AB60E9D9D}.Release|Any CPU.Build.0 = Release|Any CPU
	EndGlobalSection
	GlobalSection(SolutionProperties) = preSolution
		HideSolutionNode = FALSE
	EndGlobalSection
	GlobalSection(ExtensibilityGlobals) = postSolution
		SolutionGuid = {8E3B9E9B-ED07-4667-96C9-5D0F6332BAD4}
	EndGlobalSection
EndGlobal
